
Microsoft Visual Studio Solution File, Format Version 12.00
# Visual Studio Version 17
VisualStudioVersion = 17.11.35312.102
MinimumVisualStudioVersion = 10.0.40219.1
Project("{8BC9CEB8-8B4A-11D0-8D11-00A0C91BC942}") = "BMICalc(04percabangan)", "BMICalc(04percabangan)\BMICalc(04percabangan).vcxproj", "{77455B97-9006-4F28-B0B7-DAF0115C3755}"
EndProject
Global
	GlobalSection(SolutionConfigurationPlatforms) = preSolution
		Debug|x64 = Debug|x64
		Debug|x86 = Debug|x86
		Release|x64 = Release|x64
		Release|x86 = Release|x86
	EndGlobalSection
	GlobalSection(ProjectConfigurationPlatforms) = postSolution
		{77455B97-9006-4F28-B0B7-DAF0115C3755}.Debug|x64.ActiveCfg = Debug|x64
		{77455B97-9006-4F28-B0B7-DAF0115C3755}.Debug|x64.Build.0 = Debug|x64
		{77455B97-9006-4F28-B0B7-DAF0115C3755}.Debug|x86.ActiveCfg = Debug|Win32
		{77455B97-9006-4F28-B0B7-DAF0115C3755}.Debug|x86.Build.0 = Debug|Win32
		{77455B97-9006-4F28-B0B7-DAF0115C3755}.Release|x64.ActiveCfg = Release|x64
		{77455B97-9006-4F28-B0B7-DAF0115C3755}.Release|x64.Build.0 = Release|x64
		{77455B97-9006-4F28-B0B7-DAF0115C3755}.Release|x86.ActiveCfg = Release|Win32
		{77455B97-9006-4F28-B0B7-DAF0115C3755}.Release|x86.Build.0 = Release|Win32
	EndGlobalSection
	GlobalSection(SolutionProperties) = preSolution
		HideSolutionNode = FALSE
	EndGlobalSection
	GlobalSection(ExtensibilityGlobals) = postSolution
		SolutionGuid = {BFBD29A2-4D87-4163-9836-4EE5E114CA35}
	EndGlobalSection
EndGlobal
